
Microsoft Visual Studio Solution File, Format Version 12.00
# Visual Studio 15
VisualStudioVersion = 15.0.28010.2048
MinimumVisualStudioVersion = 10.0.40219.1
Project("{FAE04EC0-301F-11D3-BF4B-00C04F79EFBC}") = "GameJam", "GameJam\GameJam.csproj", "{62708119-0552-4EA5-A502-51DC5802B1E8}"
EndProject
Global
	GlobalSection(SolutionConfigurationPlatforms) = preSolution
		Debug|Any CPU = Debug|Any CPU
		Release|Any CPU = Release|Any CPU
	EndGlobalSection
	GlobalSection(ProjectConfigurationPlatforms) = postSolution
		{62708119-0552-4EA5-A502-51DC5802B1E8}.Debug|Any CPU.ActiveCfg = Debug|Any CPU
		{62708119-0552-4EA5-A502-51DC5802B1E8}.Debug|Any CPU.Build.0 = Debug|Any CPU
		{62708119-0552-4EA5-A502-51DC5802B1E8}.Release|Any CPU.ActiveCfg = Release|Any CPU
		{62708119-0552-4EA5-A502-51DC5802B1E8}.Release|Any CPU.Build.0 = Release|Any CPU
	EndGlobalSection
	GlobalSection(SolutionProperties) = preSolution
		HideSolutionNode = FALSE
	EndGlobalSection
	GlobalSection(ExtensibilityGlobals) = postSolution
		SolutionGuid = {47149E6E-5AB4-4ED2-8413-488666D3E6A0}
	EndGlobalSection
EndGlobal
